{
  "originHash" : "e09b157333b19fbf3c0dc201f7a84cac6570af4088acc49a88dcebfd932a9a83",
  "pins" : [
    {
      "identity" : "swift-argument-parser",
      "kind" : "remoteSourceControl",
      "location" : "https://github.com/apple/swift-argument-parser.git",
      "state" : {
        "revision" : "cdd0ef3755280949551dc26dee5de9ddeda89f54",
        "version" : "1.6.2"
      }
    },
    {
      "identity" : "swift-subprocess",
      "kind" : "remoteSourceControl",
      "location" : "https://github.com/swiftlang/swift-subprocess.git",
      "state" : {
        "revision" : "44922dfe46380cd354ca4b0208e717a3e92b13dd",
        "version" : "0.2.1"
      }
    },
    {
      "identity" : "swift-system",
      "kind" : "remoteSourceControl",
      "location" : "https://github.com/apple/swift-system",
      "state" : {
        "revision" : "61e4ca4b81b9e09e2ec863b00c340eb13497dac6",
        "version" : "1.5.0"
      }
    },
    {
      "identity" : "swift-yaml",
      "kind" : "remoteSourceControl",
      "location" : "https://github.com/21-DOT-DEV/swift-yaml",
      "state" : {
        "revision" : "473252b018cbf2e5f8d0b51f19af0a23c21592a0"
      }
    }
  ],
  "version" : 3
}
