{
  "originHash" : "279c70863fa6e7d72f8c282870e758b3eeb04c8594db842654d69e736c2482c9",
  "pins" : [
    {
      "identity" : "swift-argument-parser",
      "kind" : "remoteSourceControl",
      "location" : "https://github.com/apple/swift-argument-parser.git",
      "state" : {
        "revision" : "cdd0ef3755280949551dc26dee5de9ddeda89f54",
        "version" : "1.6.2"
      }
    },
    {
      "identity" : "swift-subprocess",
      "kind" : "remoteSourceControl",
      "location" : "https://github.com/swiftlang/swift-subprocess.git",
      "state" : {
        "revision" : "44922dfe46380cd354ca4b0208e717a3e92b13dd",
        "version" : "0.2.1"
      }
    },
    {
      "identity" : "swift-system",
      "kind" : "remoteSourceControl",
      "location" : "https://github.com/apple/swift-system",
      "state" : {
        "revision" : "61e4ca4b81b9e09e2ec863b00c340eb13497dac6",
        "version" : "1.5.0"
      }
    },
    {
      "identity" : "swift-yaml",
      "kind" : "remoteSourceControl",
      "location" : "https://github.com/21-DOT-DEV/swift-yaml",
      "state" : {
        "revision" : "02ed774f562672becd282301ff890ab78ae9e55e"
      }
    }
  ],
  "version" : 3
}
